
Microsoft Visual Studio Solution File, Format Version 12.00
Project("{2150E333-8FDC-42A3-9474-1A3956D46DE8}") = "src", "src", "{111415AC-267F-441D-B48F-41F885EDF02B}"
EndProject
Project("{2150E333-8FDC-42A3-9474-1A3956D46DE8}") = "apps", "apps", "{7A137BEF-0E86-40E8-9990-6EC3ADFFF118}"
EndProject
Project("{2150E333-8FDC-42A3-9474-1A3956D46DE8}") = "gateways", "gateways", "{26CFAE49-4F70-4376-9E59-06337DE5BB05}"
EndProject
Project("{2150E333-8FDC-42A3-9474-1A3956D46DE8}") = "services", "services", "{02D0A5C1-9546-42D0-BFF5-6B4733310C45}"
EndProject
Project("{2150E333-8FDC-42A3-9474-1A3956D46DE8}") = "forums", "forums", "{C966FDDF-71A0-4E19-A739-056B0905C3A9}"
EndProject
Project("{2150E333-8FDC-42A3-9474-1A3956D46DE8}") = "news", "news", "{5F00AFB0-414E-41B7-A327-002A3C4633A2}"
EndProject
Project("{2150E333-8FDC-42A3-9474-1A3956D46DE8}") = "shared", "shared", "{1CC0C492-658E-482D-B57E-6A0B5A4DC586}"
EndProject
Project("{FAE04EC0-301F-11D3-BF4B-00C04F79EFBC}") = "Iy.Microservices.Web.Admin", "src\apps\Iy.Microservices.Web.Admin\Iy.Microservices.Web.Admin.csproj", "{FBBB8BB3-0E8F-404A-A491-E54AAB61016C}"
EndProject
Project("{FAE04EC0-301F-11D3-BF4B-00C04F79EFBC}") = "Iy.Microservices.Web.Public", "src\apps\Iy.Microservices.Web.Public\Iy.Microservices.Web.Public.csproj", "{03FC4BE2-2D01-4295-A9CE-1BCC5C1FD154}"
EndProject
Project("{FAE04EC0-301F-11D3-BF4B-00C04F79EFBC}") = "Iy.Microservices.ApiGateway.Admin", "src\gateways\Iy.Microservices.ApiGateway.Admin\Iy.Microservices.ApiGateway.Admin.csproj", "{83527E90-809D-4C5C-8B15-3A014D727185}"
EndProject
Project("{FAE04EC0-301F-11D3-BF4B-00C04F79EFBC}") = "Iy.Microservices.ApiGateway.Public", "src\gateways\Iy.Microservices.ApiGateway.Public\Iy.Microservices.ApiGateway.Public.csproj", "{8BAFFD7F-3EFE-4019-BE21-4C37B461C4F7}"
EndProject
Project("{FAE04EC0-301F-11D3-BF4B-00C04F79EFBC}") = "Iy.Microservices.Forums.Api", "src\services\forums\Iy.Microservices.Forums.Api\Iy.Microservices.Forums.Api.csproj", "{605ABEE6-44BB-4D38-9330-7DFEFFE87705}"
EndProject
Project("{FAE04EC0-301F-11D3-BF4B-00C04F79EFBC}") = "Iy.Microservices.Forums.Shared", "src\services\forums\Iy.Microservices.Forums.Shared\Iy.Microservices.Forums.Shared.csproj", "{7C154D22-648B-4C7B-87C3-C20DC6922356}"
EndProject
Project("{FAE04EC0-301F-11D3-BF4B-00C04F79EFBC}") = "Iy.Microservices.News.Api", "src\services\news\Iy.Microservices.News.Api\Iy.Microservices.News.Api.csproj", "{2E4358C4-DC6B-479A-A868-CE73CF36B8BC}"
EndProject
Project("{FAE04EC0-301F-11D3-BF4B-00C04F79EFBC}") = "Iy.Microservices.News.Shared", "src\services\news\Iy.Microservices.News.Shared\Iy.Microservices.News.Shared.csproj", "{58E1F652-F962-43CC-808D-17101C1D4470}"
EndProject
Project("{FAE04EC0-301F-11D3-BF4B-00C04F79EFBC}") = "Iy.Microservices.Core", "src\shared\Iy.Microservices.Core\Iy.Microservices.Core.csproj", "{902347EF-42A8-44C8-8808-DD8B8CD8EDD0}"
EndProject
Project("{FAE04EC0-301F-11D3-BF4B-00C04F79EFBC}") = "Iy.Microservices.EntityFrameworkCore", "src\shared\Iy.Microservices.EntityFrameworkCore\Iy.Microservices.EntityFrameworkCore.csproj", "{384846DD-C487-4797-B656-8C20B716A02E}"
EndProject
Project("{2150E333-8FDC-42A3-9474-1A3956D46DE8}") = "polls", "polls", "{D6908039-76B0-4C05-AE53-A8E72C5EBA9C}"
EndProject
Project("{FAE04EC0-301F-11D3-BF4B-00C04F79EFBC}") = "Iy.Microservices.Polls.Shared", "src\services\polls\Iy.Microservices.Polls.Shared\Iy.Microservices.Polls.Shared.csproj", "{41D1BE0E-D02B-4829-ACB6-EF21AE41D924}"
EndProject
Project("{FAE04EC0-301F-11D3-BF4B-00C04F79EFBC}") = "Iy.Microservices.Polls.Api", "src\services\polls\Iy.Microservices.Polls.Api\Iy.Microservices.Polls.Api.csproj", "{0E72B3EF-8F52-45A4-88CD-BA564F7995A7}"
EndProject
Project("{2150E333-8FDC-42A3-9474-1A3956D46DE8}") = "auth", "auth", "{8BFA72F9-03B7-4767-983F-2D588BB87A3B}"
EndProject
Project("{FAE04EC0-301F-11D3-BF4B-00C04F79EFBC}") = "Iy.Microservices.Auth.Shared", "src\services\auth\Iy.Microservices.Auth.Shared\Iy.Microservices.Auth.Shared.csproj", "{D990AFD3-43BA-4ECB-BB1A-D87E6AF5CC07}"
EndProject
Project("{FAE04EC0-301F-11D3-BF4B-00C04F79EFBC}") = "Iy.Microservices.Auth.Api", "src\services\auth\Iy.Microservices.Auth.Api\Iy.Microservices.Auth.Api.csproj", "{7639CA84-D6C1-4F9B-9005-455A7A178B74}"
EndProject
Global
	GlobalSection(SolutionConfigurationPlatforms) = preSolution
		Debug|Any CPU = Debug|Any CPU
		Release|Any CPU = Release|Any CPU
	EndGlobalSection
	GlobalSection(NestedProjects) = preSolution
		{7A137BEF-0E86-40E8-9990-6EC3ADFFF118} = {111415AC-267F-441D-B48F-41F885EDF02B}
		{26CFAE49-4F70-4376-9E59-06337DE5BB05} = {111415AC-267F-441D-B48F-41F885EDF02B}
		{02D0A5C1-9546-42D0-BFF5-6B4733310C45} = {111415AC-267F-441D-B48F-41F885EDF02B}
		{C966FDDF-71A0-4E19-A739-056B0905C3A9} = {02D0A5C1-9546-42D0-BFF5-6B4733310C45}
		{5F00AFB0-414E-41B7-A327-002A3C4633A2} = {02D0A5C1-9546-42D0-BFF5-6B4733310C45}
		{1CC0C492-658E-482D-B57E-6A0B5A4DC586} = {111415AC-267F-441D-B48F-41F885EDF02B}
		{FBBB8BB3-0E8F-404A-A491-E54AAB61016C} = {7A137BEF-0E86-40E8-9990-6EC3ADFFF118}
		{03FC4BE2-2D01-4295-A9CE-1BCC5C1FD154} = {7A137BEF-0E86-40E8-9990-6EC3ADFFF118}
		{83527E90-809D-4C5C-8B15-3A014D727185} = {26CFAE49-4F70-4376-9E59-06337DE5BB05}
		{8BAFFD7F-3EFE-4019-BE21-4C37B461C4F7} = {26CFAE49-4F70-4376-9E59-06337DE5BB05}
		{605ABEE6-44BB-4D38-9330-7DFEFFE87705} = {C966FDDF-71A0-4E19-A739-056B0905C3A9}
		{7C154D22-648B-4C7B-87C3-C20DC6922356} = {C966FDDF-71A0-4E19-A739-056B0905C3A9}
		{2E4358C4-DC6B-479A-A868-CE73CF36B8BC} = {5F00AFB0-414E-41B7-A327-002A3C4633A2}
		{58E1F652-F962-43CC-808D-17101C1D4470} = {5F00AFB0-414E-41B7-A327-002A3C4633A2}
		{902347EF-42A8-44C8-8808-DD8B8CD8EDD0} = {1CC0C492-658E-482D-B57E-6A0B5A4DC586}
		{384846DD-C487-4797-B656-8C20B716A02E} = {1CC0C492-658E-482D-B57E-6A0B5A4DC586}
		{D6908039-76B0-4C05-AE53-A8E72C5EBA9C} = {02D0A5C1-9546-42D0-BFF5-6B4733310C45}
		{41D1BE0E-D02B-4829-ACB6-EF21AE41D924} = {D6908039-76B0-4C05-AE53-A8E72C5EBA9C}
		{0E72B3EF-8F52-45A4-88CD-BA564F7995A7} = {D6908039-76B0-4C05-AE53-A8E72C5EBA9C}
		{8BFA72F9-03B7-4767-983F-2D588BB87A3B} = {02D0A5C1-9546-42D0-BFF5-6B4733310C45}
		{D990AFD3-43BA-4ECB-BB1A-D87E6AF5CC07} = {8BFA72F9-03B7-4767-983F-2D588BB87A3B}
		{7639CA84-D6C1-4F9B-9005-455A7A178B74} = {8BFA72F9-03B7-4767-983F-2D588BB87A3B}
	EndGlobalSection
	GlobalSection(ProjectConfigurationPlatforms) = postSolution
		{FBBB8BB3-0E8F-404A-A491-E54AAB61016C}.Debug|Any CPU.ActiveCfg = Debug|Any CPU
		{FBBB8BB3-0E8F-404A-A491-E54AAB61016C}.Debug|Any CPU.Build.0 = Debug|Any CPU
		{FBBB8BB3-0E8F-404A-A491-E54AAB61016C}.Release|Any CPU.ActiveCfg = Release|Any CPU
		{FBBB8BB3-0E8F-404A-A491-E54AAB61016C}.Release|Any CPU.Build.0 = Release|Any CPU
		{03FC4BE2-2D01-4295-A9CE-1BCC5C1FD154}.Debug|Any CPU.ActiveCfg = Debug|Any CPU
		{03FC4BE2-2D01-4295-A9CE-1BCC5C1FD154}.Debug|Any CPU.Build.0 = Debug|Any CPU
		{03FC4BE2-2D01-4295-A9CE-1BCC5C1FD154}.Release|Any CPU.ActiveCfg = Release|Any CPU
		{03FC4BE2-2D01-4295-A9CE-1BCC5C1FD154}.Release|Any CPU.Build.0 = Release|Any CPU
		{83527E90-809D-4C5C-8B15-3A014D727185}.Debug|Any CPU.ActiveCfg = Debug|Any CPU
		{83527E90-809D-4C5C-8B15-3A014D727185}.Debug|Any CPU.Build.0 = Debug|Any CPU
		{83527E90-809D-4C5C-8B15-3A014D727185}.Release|Any CPU.ActiveCfg = Release|Any CPU
		{83527E90-809D-4C5C-8B15-3A014D727185}.Release|Any CPU.Build.0 = Release|Any CPU
		{8BAFFD7F-3EFE-4019-BE21-4C37B461C4F7}.Debug|Any CPU.ActiveCfg = Debug|Any CPU
		{8BAFFD7F-3EFE-4019-BE21-4C37B461C4F7}.Debug|Any CPU.Build.0 = Debug|Any CPU
		{8BAFFD7F-3EFE-4019-BE21-4C37B461C4F7}.Release|Any CPU.ActiveCfg = Release|Any CPU
		{8BAFFD7F-3EFE-4019-BE21-4C37B461C4F7}.Release|Any CPU.Build.0 = Release|Any CPU
		{605ABEE6-44BB-4D38-9330-7DFEFFE87705}.Debug|Any CPU.ActiveCfg = Debug|Any CPU
		{605ABEE6-44BB-4D38-9330-7DFEFFE87705}.Debug|Any CPU.Build.0 = Debug|Any CPU
		{605ABEE6-44BB-4D38-9330-7DFEFFE87705}.Release|Any CPU.ActiveCfg = Release|Any CPU
		{605ABEE6-44BB-4D38-9330-7DFEFFE87705}.Release|Any CPU.Build.0 = Release|Any CPU
		{7C154D22-648B-4C7B-87C3-C20DC6922356}.Debug|Any CPU.ActiveCfg = Debug|Any CPU
		{7C154D22-648B-4C7B-87C3-C20DC6922356}.Debug|Any CPU.Build.0 = Debug|Any CPU
		{7C154D22-648B-4C7B-87C3-C20DC6922356}.Release|Any CPU.ActiveCfg = Release|Any CPU
		{7C154D22-648B-4C7B-87C3-C20DC6922356}.Release|Any CPU.Build.0 = Release|Any CPU
		{2E4358C4-DC6B-479A-A868-CE73CF36B8BC}.Debug|Any CPU.ActiveCfg = Debug|Any CPU
		{2E4358C4-DC6B-479A-A868-CE73CF36B8BC}.Debug|Any CPU.Build.0 = Debug|Any CPU
		{2E4358C4-DC6B-479A-A868-CE73CF36B8BC}.Release|Any CPU.ActiveCfg = Release|Any CPU
		{2E4358C4-DC6B-479A-A868-CE73CF36B8BC}.Release|Any CPU.Build.0 = Release|Any CPU
		{58E1F652-F962-43CC-808D-17101C1D4470}.Debug|Any CPU.ActiveCfg = Debug|Any CPU
		{58E1F652-F962-43CC-808D-17101C1D4470}.Debug|Any CPU.Build.0 = Debug|Any CPU
		{58E1F652-F962-43CC-808D-17101C1D4470}.Release|Any CPU.ActiveCfg = Release|Any CPU
		{58E1F652-F962-43CC-808D-17101C1D4470}.Release|Any CPU.Build.0 = Release|Any CPU
		{902347EF-42A8-44C8-8808-DD8B8CD8EDD0}.Debug|Any CPU.ActiveCfg = Debug|Any CPU
		{902347EF-42A8-44C8-8808-DD8B8CD8EDD0}.Debug|Any CPU.Build.0 = Debug|Any CPU
		{902347EF-42A8-44C8-8808-DD8B8CD8EDD0}.Release|Any CPU.ActiveCfg = Release|Any CPU
		{902347EF-42A8-44C8-8808-DD8B8CD8EDD0}.Release|Any CPU.Build.0 = Release|Any CPU
		{384846DD-C487-4797-B656-8C20B716A02E}.Debug|Any CPU.ActiveCfg = Debug|Any CPU
		{384846DD-C487-4797-B656-8C20B716A02E}.Debug|Any CPU.Build.0 = Debug|Any CPU
		{384846DD-C487-4797-B656-8C20B716A02E}.Release|Any CPU.ActiveCfg = Release|Any CPU
		{384846DD-C487-4797-B656-8C20B716A02E}.Release|Any CPU.Build.0 = Release|Any CPU
		{41D1BE0E-D02B-4829-ACB6-EF21AE41D924}.Debug|Any CPU.ActiveCfg = Debug|Any CPU
		{41D1BE0E-D02B-4829-ACB6-EF21AE41D924}.Debug|Any CPU.Build.0 = Debug|Any CPU
		{41D1BE0E-D02B-4829-ACB6-EF21AE41D924}.Release|Any CPU.ActiveCfg = Release|Any CPU
		{41D1BE0E-D02B-4829-ACB6-EF21AE41D924}.Release|Any CPU.Build.0 = Release|Any CPU
		{0E72B3EF-8F52-45A4-88CD-BA564F7995A7}.Debug|Any CPU.ActiveCfg = Debug|Any CPU
		{0E72B3EF-8F52-45A4-88CD-BA564F7995A7}.Debug|Any CPU.Build.0 = Debug|Any CPU
		{0E72B3EF-8F52-45A4-88CD-BA564F7995A7}.Release|Any CPU.ActiveCfg = Release|Any CPU
		{0E72B3EF-8F52-45A4-88CD-BA564F7995A7}.Release|Any CPU.Build.0 = Release|Any CPU
		{D990AFD3-43BA-4ECB-BB1A-D87E6AF5CC07}.Debug|Any CPU.ActiveCfg = Debug|Any CPU
		{D990AFD3-43BA-4ECB-BB1A-D87E6AF5CC07}.Debug|Any CPU.Build.0 = Debug|Any CPU
		{D990AFD3-43BA-4ECB-BB1A-D87E6AF5CC07}.Release|Any CPU.ActiveCfg = Release|Any CPU
		{D990AFD3-43BA-4ECB-BB1A-D87E6AF5CC07}.Release|Any CPU.Build.0 = Release|Any CPU
		{7639CA84-D6C1-4F9B-9005-455A7A178B74}.Debug|Any CPU.ActiveCfg = Debug|Any CPU
		{7639CA84-D6C1-4F9B-9005-455A7A178B74}.Debug|Any CPU.Build.0 = Debug|Any CPU
		{7639CA84-D6C1-4F9B-9005-455A7A178B74}.Release|Any CPU.ActiveCfg = Release|Any CPU
		{7639CA84-D6C1-4F9B-9005-455A7A178B74}.Release|Any CPU.Build.0 = Release|Any CPU
	EndGlobalSection
EndGlobal
